<?xml version="1.0" encoding="UTF-8"?>
<CONFIG>
  <ProjectOptions>
    <Version Value="10"/>
    <General>
      <Flags>
        <SaveClosedFiles Value="False"/>
        <SaveOnlyProjectUnits Value="True"/>
        <MainUnitHasCreateFormStatements Value="False"/>
        <MainUnitHasTitleStatement Value="False"/>
        <LRSInOutputDirectory Value="False"/>
      </Flags>
      <SessionStorage Value="InIDEConfig"/>
      <MainUnit Value="0"/>
      <Title Value="lazres"/>
      <UseAppBundle Value="False"/>
      <ResourceType Value="res"/>
    </General>
    <BuildModes Count="3">
      <Item1 Name="Linux32" Default="True"/>
      <Item2 Name="Win32">
        <CompilerOptions>
          <Version Value="11"/>
          <CodeGeneration>
            <TargetProcessor Value="80386"/>
            <TargetCPU Value="i386"/>
            <TargetOS Value="win32"/>
          </CodeGeneration>
          <Linking>
            <Debugging>
              <GenerateDebugInfo Value="False"/>
              <UseLineInfoUnit Value="False"/>
            </Debugging>
          </Linking>
          <Other>
            <ConfigFile>
              <ConfigFilePath Value="./fpc.cfg"/>
            </ConfigFile>
          </Other>
        </CompilerOptions>
      </Item2>
      <Item3 Name="default">
        <CompilerOptions>
          <Version Value="11"/>
          <SearchPaths>
            <Libraries Value="/usr/lib32/"/>
          </SearchPaths>
          <Linking>
            <Debugging>
              <GenerateDebugInfo Value="False"/>
              <UseLineInfoUnit Value="False"/>
            </Debugging>
          </Linking>
          <Other>
            <ConfigFile>
              <ConfigFilePath Value="./fpc.cfg"/>
            </ConfigFile>
          </Other>
        </CompilerOptions>
      </Item3>
    </BuildModes>
    <PublishOptions>
      <Version Value="2"/>
      <IncludeFileFilter Value="*.(pas|pp|inc|lfm|lpr|lrs|lpi|lpk|sh|xml)"/>
      <ExcludeFileFilter Value="*.(bak|ppu|ppw|o|so);*~;backup"/>
    </PublishOptions>
    <RunParams>
      <local>
        <FormatVersion Value="1"/>
        <LaunchingApplication PathPlusParams="/usr/X11R6/bin/xterm -T 'Lazarus Run Output' -e bash -i -c '$(TargetCmdLine)'"/>
      </local>
    </RunParams>
    <RequiredPackages Count="1">
      <Item1>
        <PackageName Value="LCLBase"/>
      </Item1>
    </RequiredPackages>
    <Units Count="1">
      <Unit0>
        <Filename Value="lazres.pp"/>
        <IsPartOfProject Value="True"/>
        <UnitName Value="LazRes"/>
      </Unit0>
    </Units>
  </ProjectOptions>
  <CompilerOptions>
    <Version Value="11"/>
    <SearchPaths>
      <Libraries Value="/usr/lib32/"/>
    </SearchPaths>
    <CodeGeneration>
      <TargetCPU Value="i386"/>
      <TargetOS Value="linux"/>
    </CodeGeneration>
    <Linking>
      <Debugging>
        <GenerateDebugInfo Value="False"/>
        <UseLineInfoUnit Value="False"/>
      </Debugging>
    </Linking>
    <Other>
      <ConfigFile>
        <ConfigFilePath Value="./fpc.cfg"/>
      </ConfigFile>
    </Other>
  </CompilerOptions>
</CONFIG>
